// Import the functions you need from the SDKs you need
import { initializeApp } from "firebase/app";
import { getAnalytics } from "firebase/analytics";
import { getFirestore } from "firebase/firestore";
// TODO: Add SDKs for Firebase products that you want to use
// https://firebase.google.com/docs/web/setup#available-libraries

// Your web app's Firebase configuration
// For Firebase JS SDK v7.20.0 and later, measurementId is optional
const firebaseConfig = {
  apiKey: "AIzaSyBktara5XV2dhZimUB1UJcCZs6DFFKLrbg",
  authDomain: "proyecto-restaurante-d4d43.firebaseapp.com",
  projectId: "proyecto-restaurante-d4d43",
  storageBucket: "proyecto-restaurante-d4d43.firebasestorage.app",
  messagingSenderId: "836066917597",
  appId: "1:836066917597:web:b34db5b8e2354f52ff6f34",
  measurementId: "G-XJ0LH1Q6G4"
};

// Initialize Firebase
const app = initializeApp(firebaseConfig);
const analytics = getAnalytics(app);
export const db = getFirestore(app);